Microsoft Visual Studio Solution File, Format Version 12.00
# Visual Studio 15
Project("{8BC9CEB8-8B4A-11D0-8D11-00A0C91BC942}") = "ALL_BUILD", "ALL_BUILD.vcxproj", "{09331D74-2A95-3CD8-B2F4-9B75191B4A56}"
	ProjectSection(ProjectDependencies) = postProject
		{7892C7A7-56BB-382F-A5C4-72BEB9260D25} = {7892C7A7-56BB-382F-A5C4-72BEB9260D25}
		{E3B587B1-3383-384B-BD8D-AEAE241FF226} = {E3B587B1-3383-384B-BD8D-AEAE241FF226}
	EndProjectSection
EndProject
Project("{8BC9CEB8-8B4A-11D0-8D11-00A0C91BC942}") = "INSTALL", "INSTALL.vcxproj", "{672AA145-E633-3C1F-B7CD-775A4AABD6C3}"
	ProjectSection(ProjectDependencies) = postProject
		{09331D74-2A95-3CD8-B2F4-9B75191B4A56} = {09331D74-2A95-3CD8-B2F4-9B75191B4A56}
		{7892C7A7-56BB-382F-A5C4-72BEB9260D25} = {7892C7A7-56BB-382F-A5C4-72BEB9260D25}
	EndProjectSection
EndProject
Project("{8BC9CEB8-8B4A-11D0-8D11-00A0C91BC942}") = "RUN_TESTS", "RUN_TESTS.vcxproj", "{E8E7FC85-FA94-3B1C-8D12-95B838339A94}"
	ProjectSection(ProjectDependencies) = postProject
		{7892C7A7-56BB-382F-A5C4-72BEB9260D25} = {7892C7A7-56BB-382F-A5C4-72BEB9260D25}
	EndProjectSection
EndProject
Project("{8BC9CEB8-8B4A-11D0-8D11-00A0C91BC942}") = "ZERO_CHECK", "..\\ZERO_CHECK.vcxproj", "{7892C7A7-56BB-382F-A5C4-72BEB9260D25}"
	ProjectSection(ProjectDependencies) = postProject
	EndProjectSection
EndProject
Project("{8BC9CEB8-8B4A-11D0-8D11-00A0C91BC942}") = "cadinfo", "cadinfo.vcxproj", "{E3B587B1-3383-384B-BD8D-AEAE241FF226}"
	ProjectSection(ProjectDependencies) = postProject
		{7892C7A7-56BB-382F-A5C4-72BEB9260D25} = {7892C7A7-56BB-382F-A5C4-72BEB9260D25}
		{82E19C56-5316-351C-8A27-441C25056CCA} = {82E19C56-5316-351C-8A27-441C25056CCA}
	EndProjectSection
EndProject
Project("{8BC9CEB8-8B4A-11D0-8D11-00A0C91BC942}") = "dwg", "..\lib\dwg\dwg.vcxproj", "{DFCADCCD-4231-39C5-88BA-EE290210CC96}"
	ProjectSection(ProjectDependencies) = postProject
		{7892C7A7-56BB-382F-A5C4-72BEB9260D25} = {7892C7A7-56BB-382F-A5C4-72BEB9260D25}
	EndProjectSection
EndProject
Project("{8BC9CEB8-8B4A-11D0-8D11-00A0C91BC942}") = "opencadstatic", "..\lib\opencadstatic.vcxproj", "{82E19C56-5316-351C-8A27-441C25056CCA}"
	ProjectSection(ProjectDependencies) = postProject
		{7892C7A7-56BB-382F-A5C4-72BEB9260D25} = {7892C7A7-56BB-382F-A5C4-72BEB9260D25}
		{DFCADCCD-4231-39C5-88BA-EE290210CC96} = {DFCADCCD-4231-39C5-88BA-EE290210CC96}
	EndProjectSection
EndProject
Global
	GlobalSection(SolutionConfigurationPlatforms) = preSolution
		Debug|Win32 = Debug|Win32
		Release|Win32 = Release|Win32
		MinSizeRel|Win32 = MinSizeRel|Win32
		RelWithDebInfo|Win32 = RelWithDebInfo|Win32
	EndGlobalSection
	GlobalSection(ProjectConfigurationPlatforms) = postSolution
		{09331D74-2A95-3CD8-B2F4-9B75191B4A56}.Debug|Win32.ActiveCfg = Debug|Win32
		{09331D74-2A95-3CD8-B2F4-9B75191B4A56}.Debug|Win32.Build.0 = Debug|Win32
		{09331D74-2A95-3CD8-B2F4-9B75191B4A56}.Release|Win32.ActiveCfg = Release|Win32
		{09331D74-2A95-3CD8-B2F4-9B75191B4A56}.Release|Win32.Build.0 = Release|Win32
		{09331D74-2A95-3CD8-B2F4-9B75191B4A56}.MinSizeRel|Win32.ActiveCfg = MinSizeRel|Win32
		{09331D74-2A95-3CD8-B2F4-9B75191B4A56}.MinSizeRel|Win32.Build.0 = MinSizeRel|Win32
		{09331D74-2A95-3CD8-B2F4-9B75191B4A56}.RelWithDebInfo|Win32.ActiveCfg = RelWithDebInfo|Win32
		{09331D74-2A95-3CD8-B2F4-9B75191B4A56}.RelWithDebInfo|Win32.Build.0 = RelWithDebInfo|Win32
		{672AA145-E633-3C1F-B7CD-775A4AABD6C3}.Debug|Win32.ActiveCfg = Debug|Win32
		{672AA145-E633-3C1F-B7CD-775A4AABD6C3}.Release|Win32.ActiveCfg = Release|Win32
		{672AA145-E633-3C1F-B7CD-775A4AABD6C3}.MinSizeRel|Win32.ActiveCfg = MinSizeRel|Win32
		{672AA145-E633-3C1F-B7CD-775A4AABD6C3}.RelWithDebInfo|Win32.ActiveCfg = RelWithDebInfo|Win32
		{E8E7FC85-FA94-3B1C-8D12-95B838339A94}.Debug|Win32.ActiveCfg = Debug|Win32
		{E8E7FC85-FA94-3B1C-8D12-95B838339A94}.Release|Win32.ActiveCfg = Release|Win32
		{E8E7FC85-FA94-3B1C-8D12-95B838339A94}.MinSizeRel|Win32.ActiveCfg = MinSizeRel|Win32
		{E8E7FC85-FA94-3B1C-8D12-95B838339A94}.RelWithDebInfo|Win32.ActiveCfg = RelWithDebInfo|Win32
		{7892C7A7-56BB-382F-A5C4-72BEB9260D25}.Debug|Win32.ActiveCfg = Debug|Win32
		{7892C7A7-56BB-382F-A5C4-72BEB9260D25}.Debug|Win32.Build.0 = Debug|Win32
		{7892C7A7-56BB-382F-A5C4-72BEB9260D25}.Release|Win32.ActiveCfg = Release|Win32
		{7892C7A7-56BB-382F-A5C4-72BEB9260D25}.Release|Win32.Build.0 = Release|Win32
		{7892C7A7-56BB-382F-A5C4-72BEB9260D25}.MinSizeRel|Win32.ActiveCfg = MinSizeRel|Win32
		{7892C7A7-56BB-382F-A5C4-72BEB9260D25}.MinSizeRel|Win32.Build.0 = MinSizeRel|Win32
		{7892C7A7-56BB-382F-A5C4-72BEB9260D25}.RelWithDebInfo|Win32.ActiveCfg = RelWithDebInfo|Win32
		{7892C7A7-56BB-382F-A5C4-72BEB9260D25}.RelWithDebInfo|Win32.Build.0 = RelWithDebInfo|Win32
		{E3B587B1-3383-384B-BD8D-AEAE241FF226}.Debug|Win32.ActiveCfg = Debug|Win32
		{E3B587B1-3383-384B-BD8D-AEAE241FF226}.Debug|Win32.Build.0 = Debug|Win32
		{E3B587B1-3383-384B-BD8D-AEAE241FF226}.Release|Win32.ActiveCfg = Release|Win32
		{E3B587B1-3383-384B-BD8D-AEAE241FF226}.Release|Win32.Build.0 = Release|Win32
		{E3B587B1-3383-384B-BD8D-AEAE241FF226}.MinSizeRel|Win32.ActiveCfg = MinSizeRel|Win32
		{E3B587B1-3383-384B-BD8D-AEAE241FF226}.MinSizeRel|Win32.Build.0 = MinSizeRel|Win32
		{E3B587B1-3383-384B-BD8D-AEAE241FF226}.RelWithDebInfo|Win32.ActiveCfg = RelWithDebInfo|Win32
		{E3B587B1-3383-384B-BD8D-AEAE241FF226}.RelWithDebInfo|Win32.Build.0 = RelWithDebInfo|Win32
		{DFCADCCD-4231-39C5-88BA-EE290210CC96}.Debug|Win32.ActiveCfg = Debug|Win32
		{DFCADCCD-4231-39C5-88BA-EE290210CC96}.Debug|Win32.Build.0 = Debug|Win32
		{DFCADCCD-4231-39C5-88BA-EE290210CC96}.Release|Win32.ActiveCfg = Release|Win32
		{DFCADCCD-4231-39C5-88BA-EE290210CC96}.Release|Win32.Build.0 = Release|Win32
		{DFCADCCD-4231-39C5-88BA-EE290210CC96}.MinSizeRel|Win32.ActiveCfg = MinSizeRel|Win32
		{DFCADCCD-4231-39C5-88BA-EE290210CC96}.MinSizeRel|Win32.Build.0 = MinSizeRel|Win32
		{DFCADCCD-4231-39C5-88BA-EE290210CC96}.RelWithDebInfo|Win32.ActiveCfg = RelWithDebInfo|Win32
		{DFCADCCD-4231-39C5-88BA-EE290210CC96}.RelWithDebInfo|Win32.Build.0 = RelWithDebInfo|Win32
		{82E19C56-5316-351C-8A27-441C25056CCA}.Debug|Win32.ActiveCfg = Debug|Win32
		{82E19C56-5316-351C-8A27-441C25056CCA}.Debug|Win32.Build.0 = Debug|Win32
		{82E19C56-5316-351C-8A27-441C25056CCA}.Release|Win32.ActiveCfg = Release|Win32
		{82E19C56-5316-351C-8A27-441C25056CCA}.Release|Win32.Build.0 = Release|Win32
		{82E19C56-5316-351C-8A27-441C25056CCA}.MinSizeRel|Win32.ActiveCfg = MinSizeRel|Win32
		{82E19C56-5316-351C-8A27-441C25056CCA}.MinSizeRel|Win32.Build.0 = MinSizeRel|Win32
		{82E19C56-5316-351C-8A27-441C25056CCA}.RelWithDebInfo|Win32.ActiveCfg = RelWithDebInfo|Win32
		{82E19C56-5316-351C-8A27-441C25056CCA}.RelWithDebInfo|Win32.Build.0 = RelWithDebInfo|Win32
	EndGlobalSection
	GlobalSection(ExtensibilityGlobals) = postSolution
	EndGlobalSection
	GlobalSection(ExtensibilityAddIns) = postSolution
	EndGlobalSection
EndGlobal
