<?xml version="1.0" encoding="UTF-8"?>
<Project ToolsVersion="15.0" xmlns="http://schemas.microsoft.com/developer/msbuild/2003">
  <ItemGroup>
    <ClCompile Include="E:\新项目\libopencad-master\libopencad-master\lib\dwg\io.cpp">
      <Filter>Source Files</Filter>
    </ClCompile>
    <ClCompile Include="E:\新项目\libopencad-master\libopencad-master\lib\dwg\r2000.cpp">
      <Filter>Source Files</Filter>
    </ClCompile>
  </ItemGroup>
  <ItemGroup>
    <ClInclude Include="E:\新项目\libopencad-master\libopencad-master\lib\dwg\io.h">
      <Filter>Header Files</Filter>
    </ClInclude>
    <ClInclude Include="E:\新项目\libopencad-master\libopencad-master\lib\dwg\r2000.h">
      <Filter>Header Files</Filter>
    </ClInclude>
  </ItemGroup>
  <ItemGroup>
    <CustomBuild Include="E:\新项目\libopencad-master\libopencad-master\lib\dwg\CMakeLists.txt" />
  </ItemGroup>
  <ItemGroup>
    <Filter Include="Source Files">
      <UniqueIdentifier>{565E2E8A-E6A7-3E83-9FE3-0D334E12C46E}</UniqueIdentifier>
    </Filter>
    <Filter Include="Header Files">
      <UniqueIdentifier>{093A9D05-B663-31B2-AAFC-AC87022E98A8}</UniqueIdentifier>
    </Filter>
  </ItemGroup>
</Project>
